
Microsoft Visual Studio Solution File, Format Version 12.00
# Visual Studio 15
Project("{FAE04EC0-301F-11D3-BF4B-00C04F79EFBC}") = "Assembly-CSharp", "Assembly-CSharp.csproj", "{F2616318-B9CB-B571-4ABA-E4D892FB1D34}"
EndProject
Global
	GlobalSection(SolutionConfigurationPlatforms) = preSolution
		Debug|Any CPU = Debug|Any CPU
		Release|Any CPU = Release|Any CPU
	EndGlobalSection
	GlobalSection(ProjectConfigurationPlatforms) = postSolution
		{F2616318-B9CB-B571-4ABA-E4D892FB1D34}.Debug|Any CPU.ActiveCfg = Debug|Any CPU
		{F2616318-B9CB-B571-4ABA-E4D892FB1D34}.Debug|Any CPU.Build.0 = Debug|Any CPU
		{F2616318-B9CB-B571-4ABA-E4D892FB1D34}.Release|Any CPU.ActiveCfg = Release|Any CPU
		{F2616318-B9CB-B571-4ABA-E4D892FB1D34}.Release|Any CPU.Build.0 = Release|Any CPU
	EndGlobalSection
	GlobalSection(SolutionProperties) = preSolution
		HideSolutionNode = FALSE
	EndGlobalSection
EndGlobal
